
Microsoft Visual Studio Solution File, Format Version 12.00
# Visual Studio Version 16
VisualStudioVersion = 16.0.29319.158
MinimumVisualStudioVersion = 10.0.40219.1
Project("{9A19103F-16F7-4668-BE54-9A1E7A4F7556}") = "Core", "Core\Core.csproj", "{117DA02F-5274-4565-ACC6-DA9B6E568B09}"
EndProject
Project("{2150E333-8FDC-42A3-9474-1A3956D46DE8}") = "Gateways", "Gateways", "{D327FC5A-4CE3-4663-A655-D4420E57240A}"
EndProject
Project("{2150E333-8FDC-42A3-9474-1A3956D46DE8}") = "_solution-items", "_solution-items", "{6A5DC618-C412-404B-BB45-2F1D13269116}"
	ProjectSection(SolutionItems) = preProject
		Global.ruleset = Global.ruleset
		Directory.Build.targets = Directory.Build.targets
		.editorconfig = .editorconfig
		stylecop.json = stylecop.json
	EndProjectSection
EndProject
Project("{2150E333-8FDC-42A3-9474-1A3956D46DE8}") = "Desktop.root", "Desktop.root", "{EA979980-8817-4169-A3AA-B5D4ECEBEDD5}"
EndProject
Project("{FAE04EC0-301F-11D3-BF4B-00C04F79EFBC}") = "Desktop.Core", "Gateways\Desktop.Root\Desktop.Core\Desktop.Core.csproj", "{E2F0A776-C888-4263-8EDA-C1173919DC3C}"
EndProject
Project("{FAE04EC0-301F-11D3-BF4B-00C04F79EFBC}") = "Desktop.Interfaces", "Gateways\Desktop.Root\Desktop.Interfaces\Desktop.Interfaces.csproj", "{9DA8537B-3477-4B0C-AD59-41BAA4EA71D3}"
EndProject
Project("{2150E333-8FDC-42A3-9474-1A3956D46DE8}") = "Application.root", "Application.root", "{4EA6F0CD-B064-42E8-8088-7A531D21C976}"
EndProject
Project("{FAE04EC0-301F-11D3-BF4B-00C04F79EFBC}") = "Application", "Application.root\Application\Application.csproj", "{E85BFB11-397F-4DDD-985C-D56CA166096F}"
EndProject
Project("{FAE04EC0-301F-11D3-BF4B-00C04F79EFBC}") = "Application.Interfaces", "Application.root\Application.Interfaces\Application.Interfaces.csproj", "{E00E1719-191F-46EC-8C03-86BF16970C4C}"
EndProject
Project("{FAE04EC0-301F-11D3-BF4B-00C04F79EFBC}") = "Desktop", "Gateways\Desktop.root\Desktop\Desktop.csproj", "{5AA51D89-7C6A-462C-8ABA-74D77D21F79E}"
EndProject
Project("{2150E333-8FDC-42A3-9474-1A3956D46DE8}") = "Persistence.root", "Persistence.root", "{EF052D3C-9682-466F-A51A-94B7CE0E4C99}"
EndProject
Project("{FAE04EC0-301F-11D3-BF4B-00C04F79EFBC}") = "Persistence.Core", "Gateways\Persistence.root\Persistence.Core\Persistence.Core.csproj", "{897392B4-3A6D-4ADD-99D6-42081F275EF2}"
EndProject
Project("{FAE04EC0-301F-11D3-BF4B-00C04F79EFBC}") = "Persistence", "Gateways\Persistence.root\Persistence\Persistence.csproj", "{BFDCD58E-CB0F-4C65-A115-936BC6AEEA9B}"
EndProject
Project("{2150E333-8FDC-42A3-9474-1A3956D46DE8}") = "Domain.root", "Domain.root", "{E0B14CEE-7AEA-4095-A8CE-DB9F6C49CC77}"
EndProject
Project("{FAE04EC0-301F-11D3-BF4B-00C04F79EFBC}") = "Domain", "Domain.root\Domain\Domain.csproj", "{840B894C-875B-46E4-AAB2-716DA71497AA}"
EndProject
Project("{FAE04EC0-301F-11D3-BF4B-00C04F79EFBC}") = "Domain.Core", "Domain.root\Domain.Core\Domain.Core.csproj", "{6F8E2D87-A01C-461E-B076-88BCA8D9627C}"
EndProject
Global
	GlobalSection(SolutionConfigurationPlatforms) = preSolution
		Debug|Any CPU = Debug|Any CPU
		Release|Any CPU = Release|Any CPU
	EndGlobalSection
	GlobalSection(ProjectConfigurationPlatforms) = postSolution
		{117DA02F-5274-4565-ACC6-DA9B6E568B09}.Debug|Any CPU.ActiveCfg = Debug|Any CPU
		{117DA02F-5274-4565-ACC6-DA9B6E568B09}.Debug|Any CPU.Build.0 = Debug|Any CPU
		{117DA02F-5274-4565-ACC6-DA9B6E568B09}.Release|Any CPU.ActiveCfg = Release|Any CPU
		{117DA02F-5274-4565-ACC6-DA9B6E568B09}.Release|Any CPU.Build.0 = Release|Any CPU
		{E2F0A776-C888-4263-8EDA-C1173919DC3C}.Debug|Any CPU.ActiveCfg = Debug|Any CPU
		{E2F0A776-C888-4263-8EDA-C1173919DC3C}.Debug|Any CPU.Build.0 = Debug|Any CPU
		{E2F0A776-C888-4263-8EDA-C1173919DC3C}.Release|Any CPU.ActiveCfg = Release|Any CPU
		{E2F0A776-C888-4263-8EDA-C1173919DC3C}.Release|Any CPU.Build.0 = Release|Any CPU
		{9DA8537B-3477-4B0C-AD59-41BAA4EA71D3}.Debug|Any CPU.ActiveCfg = Debug|Any CPU
		{9DA8537B-3477-4B0C-AD59-41BAA4EA71D3}.Debug|Any CPU.Build.0 = Debug|Any CPU
		{9DA8537B-3477-4B0C-AD59-41BAA4EA71D3}.Release|Any CPU.ActiveCfg = Release|Any CPU
		{9DA8537B-3477-4B0C-AD59-41BAA4EA71D3}.Release|Any CPU.Build.0 = Release|Any CPU
		{E85BFB11-397F-4DDD-985C-D56CA166096F}.Debug|Any CPU.ActiveCfg = Debug|Any CPU
		{E85BFB11-397F-4DDD-985C-D56CA166096F}.Debug|Any CPU.Build.0 = Debug|Any CPU
		{E85BFB11-397F-4DDD-985C-D56CA166096F}.Release|Any CPU.ActiveCfg = Release|Any CPU
		{E85BFB11-397F-4DDD-985C-D56CA166096F}.Release|Any CPU.Build.0 = Release|Any CPU
		{E00E1719-191F-46EC-8C03-86BF16970C4C}.Debug|Any CPU.ActiveCfg = Debug|Any CPU
		{E00E1719-191F-46EC-8C03-86BF16970C4C}.Debug|Any CPU.Build.0 = Debug|Any CPU
		{E00E1719-191F-46EC-8C03-86BF16970C4C}.Release|Any CPU.ActiveCfg = Release|Any CPU
		{E00E1719-191F-46EC-8C03-86BF16970C4C}.Release|Any CPU.Build.0 = Release|Any CPU
		{5AA51D89-7C6A-462C-8ABA-74D77D21F79E}.Debug|Any CPU.ActiveCfg = Debug|Any CPU
		{5AA51D89-7C6A-462C-8ABA-74D77D21F79E}.Debug|Any CPU.Build.0 = Debug|Any CPU
		{5AA51D89-7C6A-462C-8ABA-74D77D21F79E}.Release|Any CPU.ActiveCfg = Release|Any CPU
		{5AA51D89-7C6A-462C-8ABA-74D77D21F79E}.Release|Any CPU.Build.0 = Release|Any CPU
		{897392B4-3A6D-4ADD-99D6-42081F275EF2}.Debug|Any CPU.ActiveCfg = Debug|Any CPU
		{897392B4-3A6D-4ADD-99D6-42081F275EF2}.Debug|Any CPU.Build.0 = Debug|Any CPU
		{897392B4-3A6D-4ADD-99D6-42081F275EF2}.Release|Any CPU.ActiveCfg = Release|Any CPU
		{897392B4-3A6D-4ADD-99D6-42081F275EF2}.Release|Any CPU.Build.0 = Release|Any CPU
		{BFDCD58E-CB0F-4C65-A115-936BC6AEEA9B}.Debug|Any CPU.ActiveCfg = Debug|Any CPU
		{BFDCD58E-CB0F-4C65-A115-936BC6AEEA9B}.Debug|Any CPU.Build.0 = Debug|Any CPU
		{BFDCD58E-CB0F-4C65-A115-936BC6AEEA9B}.Release|Any CPU.ActiveCfg = Release|Any CPU
		{BFDCD58E-CB0F-4C65-A115-936BC6AEEA9B}.Release|Any CPU.Build.0 = Release|Any CPU
		{840B894C-875B-46E4-AAB2-716DA71497AA}.Debug|Any CPU.ActiveCfg = Debug|Any CPU
		{840B894C-875B-46E4-AAB2-716DA71497AA}.Debug|Any CPU.Build.0 = Debug|Any CPU
		{840B894C-875B-46E4-AAB2-716DA71497AA}.Release|Any CPU.ActiveCfg = Release|Any CPU
		{840B894C-875B-46E4-AAB2-716DA71497AA}.Release|Any CPU.Build.0 = Release|Any CPU
		{6F8E2D87-A01C-461E-B076-88BCA8D9627C}.Debug|Any CPU.ActiveCfg = Debug|Any CPU
		{6F8E2D87-A01C-461E-B076-88BCA8D9627C}.Debug|Any CPU.Build.0 = Debug|Any CPU
		{6F8E2D87-A01C-461E-B076-88BCA8D9627C}.Release|Any CPU.ActiveCfg = Release|Any CPU
		{6F8E2D87-A01C-461E-B076-88BCA8D9627C}.Release|Any CPU.Build.0 = Release|Any CPU
	EndGlobalSection
	GlobalSection(SolutionProperties) = preSolution
		HideSolutionNode = FALSE
	EndGlobalSection
	GlobalSection(NestedProjects) = preSolution
		{EA979980-8817-4169-A3AA-B5D4ECEBEDD5} = {D327FC5A-4CE3-4663-A655-D4420E57240A}
		{E2F0A776-C888-4263-8EDA-C1173919DC3C} = {EA979980-8817-4169-A3AA-B5D4ECEBEDD5}
		{9DA8537B-3477-4B0C-AD59-41BAA4EA71D3} = {EA979980-8817-4169-A3AA-B5D4ECEBEDD5}
		{E85BFB11-397F-4DDD-985C-D56CA166096F} = {4EA6F0CD-B064-42E8-8088-7A531D21C976}
		{E00E1719-191F-46EC-8C03-86BF16970C4C} = {4EA6F0CD-B064-42E8-8088-7A531D21C976}
		{5AA51D89-7C6A-462C-8ABA-74D77D21F79E} = {EA979980-8817-4169-A3AA-B5D4ECEBEDD5}
		{EF052D3C-9682-466F-A51A-94B7CE0E4C99} = {D327FC5A-4CE3-4663-A655-D4420E57240A}
		{897392B4-3A6D-4ADD-99D6-42081F275EF2} = {EF052D3C-9682-466F-A51A-94B7CE0E4C99}
		{BFDCD58E-CB0F-4C65-A115-936BC6AEEA9B} = {EF052D3C-9682-466F-A51A-94B7CE0E4C99}
		{840B894C-875B-46E4-AAB2-716DA71497AA} = {E0B14CEE-7AEA-4095-A8CE-DB9F6C49CC77}
		{6F8E2D87-A01C-461E-B076-88BCA8D9627C} = {E0B14CEE-7AEA-4095-A8CE-DB9F6C49CC77}
	EndGlobalSection
	GlobalSection(ExtensibilityGlobals) = postSolution
		SolutionGuid = {3CB609D9-5D54-4C11-A371-DAAC8B74E430}
	EndGlobalSection
EndGlobal
