
Microsoft Visual Studio Solution File, Format Version 12.00
# Visual Studio Version 16
VisualStudioVersion = 16.0.29319.158
MinimumVisualStudioVersion = 10.0.40219.1
Project("{9A19103F-16F7-4668-BE54-9A1E7A4F7556}") = "Domain", "Domain\Domain.csproj", "{C7E89A3E-A631-4760-8D61-BD1EAB1C4E69}"
EndProject
Project("{9A19103F-16F7-4668-BE54-9A1E7A4F7556}") = "Application", "Application\Application.csproj", "{34C0FACD-F3D9-400C-8945-554DD6B0819A}"
EndProject
Project("{9A19103F-16F7-4668-BE54-9A1E7A4F7556}") = "Common", "Common\Common.csproj", "{117DA02F-5274-4565-ACC6-DA9B6E568B09}"
EndProject
Project("{9A19103F-16F7-4668-BE54-9A1E7A4F7556}") = "Web", "Gateways\Web\Web.csproj", "{F60E6371-0D0D-42A5-ADB3-F517041C5BAE}"
EndProject
Project("{9A19103F-16F7-4668-BE54-9A1E7A4F7556}") = "Domain.UnitTests", "Tests\Domain.UnitTests\Domain.UnitTests.csproj", "{D9559EDD-8CF4-44E9-B182-B9B72192B2E4}"
EndProject
Project("{9A19103F-16F7-4668-BE54-9A1E7A4F7556}") = "Application.UnitTests", "Tests\Application.UnitTests\Application.UnitTests.csproj", "{7BFAB787-D9F3-4FF1-97C3-6893C9A75586}"
EndProject
Project("{9A19103F-16F7-4668-BE54-9A1E7A4F7556}") = "Infrastructure.IntegrationTests", "Tests\Infrastructure.IntegrationTests\Infrastructure.IntegrationTests.csproj", "{4B6A2624-5D8D-49AF-9B2A-76501B0FADFB}"
EndProject
Project("{9A19103F-16F7-4668-BE54-9A1E7A4F7556}") = "Web.IntegrationTests", "Tests\Web.IntegrationTests\Web.IntegrationTests.csproj", "{249CD809-1CC6-49CF-80A7-7D437E86A6E1}"
EndProject
Project("{2150E333-8FDC-42A3-9474-1A3956D46DE8}") = "Gateways", "Gateways", "{D327FC5A-4CE3-4663-A655-D4420E57240A}"
EndProject
Project("{9A19103F-16F7-4668-BE54-9A1E7A4F7556}") = "Authentication", "Authentication\Authentication.csproj", "{98966538-AF49-403F-B8F6-3B959AEFDC12}"
EndProject
Project("{9A19103F-16F7-4668-BE54-9A1E7A4F7556}") = "Web.Contracts", "Gateways\Web.Contracts\Web.Contracts.csproj", "{866268CF-7EAD-4CC7-AEEB-523AE5CED06F}"
EndProject
Project("{9A19103F-16F7-4668-BE54-9A1E7A4F7556}") = "Web.Providers", "Gateways\Web.Providers\Web.Providers.csproj", "{BD49768C-15CA-4154-A12B-62BAFBCCD388}"
EndProject
Project("{9A19103F-16F7-4668-BE54-9A1E7A4F7556}") = "Persistence", "Gateways\Persistence\Persistence.csproj", "{02BA5C28-833A-445D-9A48-3E649834A096}"
EndProject
Project("{9A19103F-16F7-4668-BE54-9A1E7A4F7556}") = "Application.Contracts", "Application.Contracts\Application.Contracts.csproj", "{A6ABA695-44A7-4DA4-A0AF-EEB9AD4F03E6}"
EndProject
Project("{2150E333-8FDC-42A3-9474-1A3956D46DE8}") = "_tests", "_tests", "{4D5603CE-5445-4169-BEA9-0668AF355091}"
EndProject
Project("{2150E333-8FDC-42A3-9474-1A3956D46DE8}") = "_solution-items", "_solution-items", "{6A5DC618-C412-404B-BB45-2F1D13269116}"
	ProjectSection(SolutionItems) = preProject
		Global.ruleset = Global.ruleset
		Directory.Build.targets = Directory.Build.targets
	EndProjectSection
EndProject
Project("{2150E333-8FDC-42A3-9474-1A3956D46DE8}") = "Desktop", "Desktop", "{EA979980-8817-4169-A3AA-B5D4ECEBEDD5}"
EndProject
Project("{FAE04EC0-301F-11D3-BF4B-00C04F79EFBC}") = "Deskop.Core", "Gateways\Desktop\Desktop.Core\Deskop.Core.csproj", "{69CFB80F-E102-45AC-A6F1-C8FB8DD00FA4}"
EndProject
Global
	GlobalSection(SolutionConfigurationPlatforms) = preSolution
		Debug|Any CPU = Debug|Any CPU
		Release|Any CPU = Release|Any CPU
	EndGlobalSection
	GlobalSection(ProjectConfigurationPlatforms) = postSolution
		{C7E89A3E-A631-4760-8D61-BD1EAB1C4E69}.Debug|Any CPU.ActiveCfg = Debug|Any CPU
		{C7E89A3E-A631-4760-8D61-BD1EAB1C4E69}.Debug|Any CPU.Build.0 = Debug|Any CPU
		{C7E89A3E-A631-4760-8D61-BD1EAB1C4E69}.Release|Any CPU.ActiveCfg = Release|Any CPU
		{C7E89A3E-A631-4760-8D61-BD1EAB1C4E69}.Release|Any CPU.Build.0 = Release|Any CPU
		{34C0FACD-F3D9-400C-8945-554DD6B0819A}.Debug|Any CPU.ActiveCfg = Debug|Any CPU
		{34C0FACD-F3D9-400C-8945-554DD6B0819A}.Debug|Any CPU.Build.0 = Debug|Any CPU
		{34C0FACD-F3D9-400C-8945-554DD6B0819A}.Release|Any CPU.ActiveCfg = Release|Any CPU
		{34C0FACD-F3D9-400C-8945-554DD6B0819A}.Release|Any CPU.Build.0 = Release|Any CPU
		{117DA02F-5274-4565-ACC6-DA9B6E568B09}.Debug|Any CPU.ActiveCfg = Debug|Any CPU
		{117DA02F-5274-4565-ACC6-DA9B6E568B09}.Debug|Any CPU.Build.0 = Debug|Any CPU
		{117DA02F-5274-4565-ACC6-DA9B6E568B09}.Release|Any CPU.ActiveCfg = Release|Any CPU
		{117DA02F-5274-4565-ACC6-DA9B6E568B09}.Release|Any CPU.Build.0 = Release|Any CPU
		{F60E6371-0D0D-42A5-ADB3-F517041C5BAE}.Debug|Any CPU.ActiveCfg = Debug|Any CPU
		{F60E6371-0D0D-42A5-ADB3-F517041C5BAE}.Debug|Any CPU.Build.0 = Debug|Any CPU
		{F60E6371-0D0D-42A5-ADB3-F517041C5BAE}.Release|Any CPU.ActiveCfg = Release|Any CPU
		{F60E6371-0D0D-42A5-ADB3-F517041C5BAE}.Release|Any CPU.Build.0 = Release|Any CPU
		{D9559EDD-8CF4-44E9-B182-B9B72192B2E4}.Debug|Any CPU.ActiveCfg = Debug|Any CPU
		{D9559EDD-8CF4-44E9-B182-B9B72192B2E4}.Debug|Any CPU.Build.0 = Debug|Any CPU
		{D9559EDD-8CF4-44E9-B182-B9B72192B2E4}.Release|Any CPU.ActiveCfg = Release|Any CPU
		{D9559EDD-8CF4-44E9-B182-B9B72192B2E4}.Release|Any CPU.Build.0 = Release|Any CPU
		{7BFAB787-D9F3-4FF1-97C3-6893C9A75586}.Debug|Any CPU.ActiveCfg = Debug|Any CPU
		{7BFAB787-D9F3-4FF1-97C3-6893C9A75586}.Debug|Any CPU.Build.0 = Debug|Any CPU
		{7BFAB787-D9F3-4FF1-97C3-6893C9A75586}.Release|Any CPU.ActiveCfg = Release|Any CPU
		{7BFAB787-D9F3-4FF1-97C3-6893C9A75586}.Release|Any CPU.Build.0 = Release|Any CPU
		{4B6A2624-5D8D-49AF-9B2A-76501B0FADFB}.Debug|Any CPU.ActiveCfg = Debug|Any CPU
		{4B6A2624-5D8D-49AF-9B2A-76501B0FADFB}.Debug|Any CPU.Build.0 = Debug|Any CPU
		{4B6A2624-5D8D-49AF-9B2A-76501B0FADFB}.Release|Any CPU.ActiveCfg = Release|Any CPU
		{4B6A2624-5D8D-49AF-9B2A-76501B0FADFB}.Release|Any CPU.Build.0 = Release|Any CPU
		{249CD809-1CC6-49CF-80A7-7D437E86A6E1}.Debug|Any CPU.ActiveCfg = Debug|Any CPU
		{249CD809-1CC6-49CF-80A7-7D437E86A6E1}.Debug|Any CPU.Build.0 = Debug|Any CPU
		{249CD809-1CC6-49CF-80A7-7D437E86A6E1}.Release|Any CPU.ActiveCfg = Release|Any CPU
		{249CD809-1CC6-49CF-80A7-7D437E86A6E1}.Release|Any CPU.Build.0 = Release|Any CPU
		{98966538-AF49-403F-B8F6-3B959AEFDC12}.Debug|Any CPU.ActiveCfg = Debug|Any CPU
		{98966538-AF49-403F-B8F6-3B959AEFDC12}.Debug|Any CPU.Build.0 = Debug|Any CPU
		{98966538-AF49-403F-B8F6-3B959AEFDC12}.Release|Any CPU.ActiveCfg = Release|Any CPU
		{98966538-AF49-403F-B8F6-3B959AEFDC12}.Release|Any CPU.Build.0 = Release|Any CPU
		{866268CF-7EAD-4CC7-AEEB-523AE5CED06F}.Debug|Any CPU.ActiveCfg = Debug|Any CPU
		{866268CF-7EAD-4CC7-AEEB-523AE5CED06F}.Debug|Any CPU.Build.0 = Debug|Any CPU
		{866268CF-7EAD-4CC7-AEEB-523AE5CED06F}.Release|Any CPU.ActiveCfg = Release|Any CPU
		{866268CF-7EAD-4CC7-AEEB-523AE5CED06F}.Release|Any CPU.Build.0 = Release|Any CPU
		{BD49768C-15CA-4154-A12B-62BAFBCCD388}.Debug|Any CPU.ActiveCfg = Debug|Any CPU
		{BD49768C-15CA-4154-A12B-62BAFBCCD388}.Debug|Any CPU.Build.0 = Debug|Any CPU
		{BD49768C-15CA-4154-A12B-62BAFBCCD388}.Release|Any CPU.ActiveCfg = Release|Any CPU
		{BD49768C-15CA-4154-A12B-62BAFBCCD388}.Release|Any CPU.Build.0 = Release|Any CPU
		{02BA5C28-833A-445D-9A48-3E649834A096}.Debug|Any CPU.ActiveCfg = Debug|Any CPU
		{02BA5C28-833A-445D-9A48-3E649834A096}.Debug|Any CPU.Build.0 = Debug|Any CPU
		{02BA5C28-833A-445D-9A48-3E649834A096}.Release|Any CPU.ActiveCfg = Release|Any CPU
		{02BA5C28-833A-445D-9A48-3E649834A096}.Release|Any CPU.Build.0 = Release|Any CPU
		{A6ABA695-44A7-4DA4-A0AF-EEB9AD4F03E6}.Debug|Any CPU.ActiveCfg = Debug|Any CPU
		{A6ABA695-44A7-4DA4-A0AF-EEB9AD4F03E6}.Debug|Any CPU.Build.0 = Debug|Any CPU
		{A6ABA695-44A7-4DA4-A0AF-EEB9AD4F03E6}.Release|Any CPU.ActiveCfg = Release|Any CPU
		{A6ABA695-44A7-4DA4-A0AF-EEB9AD4F03E6}.Release|Any CPU.Build.0 = Release|Any CPU
		{69CFB80F-E102-45AC-A6F1-C8FB8DD00FA4}.Debug|Any CPU.ActiveCfg = Debug|Any CPU
		{69CFB80F-E102-45AC-A6F1-C8FB8DD00FA4}.Debug|Any CPU.Build.0 = Debug|Any CPU
		{69CFB80F-E102-45AC-A6F1-C8FB8DD00FA4}.Release|Any CPU.ActiveCfg = Release|Any CPU
		{69CFB80F-E102-45AC-A6F1-C8FB8DD00FA4}.Release|Any CPU.Build.0 = Release|Any CPU
	EndGlobalSection
	GlobalSection(SolutionProperties) = preSolution
		HideSolutionNode = FALSE
	EndGlobalSection
	GlobalSection(NestedProjects) = preSolution
		{F60E6371-0D0D-42A5-ADB3-F517041C5BAE} = {D327FC5A-4CE3-4663-A655-D4420E57240A}
		{D9559EDD-8CF4-44E9-B182-B9B72192B2E4} = {4D5603CE-5445-4169-BEA9-0668AF355091}
		{7BFAB787-D9F3-4FF1-97C3-6893C9A75586} = {4D5603CE-5445-4169-BEA9-0668AF355091}
		{4B6A2624-5D8D-49AF-9B2A-76501B0FADFB} = {4D5603CE-5445-4169-BEA9-0668AF355091}
		{249CD809-1CC6-49CF-80A7-7D437E86A6E1} = {4D5603CE-5445-4169-BEA9-0668AF355091}
		{866268CF-7EAD-4CC7-AEEB-523AE5CED06F} = {D327FC5A-4CE3-4663-A655-D4420E57240A}
		{BD49768C-15CA-4154-A12B-62BAFBCCD388} = {D327FC5A-4CE3-4663-A655-D4420E57240A}
		{02BA5C28-833A-445D-9A48-3E649834A096} = {D327FC5A-4CE3-4663-A655-D4420E57240A}
		{EA979980-8817-4169-A3AA-B5D4ECEBEDD5} = {D327FC5A-4CE3-4663-A655-D4420E57240A}
		{69CFB80F-E102-45AC-A6F1-C8FB8DD00FA4} = {EA979980-8817-4169-A3AA-B5D4ECEBEDD5}
	EndGlobalSection
	GlobalSection(ExtensibilityGlobals) = postSolution
		SolutionGuid = {3CB609D9-5D54-4C11-A371-DAAC8B74E430}
	EndGlobalSection
EndGlobal
